
Microsoft Visual Studio Solution File, Format Version 12.00
# Visual Studio Version 17
VisualStudioVersion = 17.12.35323.107
MinimumVisualStudioVersion = 10.0.40219.1
Project("{FAE04EC0-301F-11D3-BF4B-00C04F79EFBC}") = "Discord", "Discord\Discord.csproj", "{3EA35764-5058-43A6-87EA-686A80CDC9F1}"
EndProject
Global
	GlobalSection(SolutionConfigurationPlatforms) = preSolution
		Debug|Any CPU = Debug|Any CPU
		DebugTest|Any CPU = DebugTest|Any CPU
		Invert|Any CPU = Invert|Any CPU
		Release|Any CPU = Release|Any CPU
		Test|Any CPU = Test|Any CPU
	EndGlobalSection
	GlobalSection(ProjectConfigurationPlatforms) = postSolution
		{3EA35764-5058-43A6-87EA-686A80CDC9F1}.Debug|Any CPU.ActiveCfg = Debug|Any CPU
		{3EA35764-5058-43A6-87EA-686A80CDC9F1}.Debug|Any CPU.Build.0 = Debug|Any CPU
		{3EA35764-5058-43A6-87EA-686A80CDC9F1}.DebugTest|Any CPU.ActiveCfg = DebugTest|Any CPU
		{3EA35764-5058-43A6-87EA-686A80CDC9F1}.DebugTest|Any CPU.Build.0 = DebugTest|Any CPU
		{3EA35764-5058-43A6-87EA-686A80CDC9F1}.Invert|Any CPU.ActiveCfg = Invert|Any CPU
		{3EA35764-5058-43A6-87EA-686A80CDC9F1}.Invert|Any CPU.Build.0 = Invert|Any CPU
		{3EA35764-5058-43A6-87EA-686A80CDC9F1}.Release|Any CPU.ActiveCfg = Release|Any CPU
		{3EA35764-5058-43A6-87EA-686A80CDC9F1}.Release|Any CPU.Build.0 = Release|Any CPU
		{3EA35764-5058-43A6-87EA-686A80CDC9F1}.Test|Any CPU.ActiveCfg = Test|Any CPU
		{3EA35764-5058-43A6-87EA-686A80CDC9F1}.Test|Any CPU.Build.0 = Test|Any CPU
	EndGlobalSection
	GlobalSection(SolutionProperties) = preSolution
		HideSolutionNode = FALSE
	EndGlobalSection
	GlobalSection(ExtensibilityGlobals) = postSolution
		SolutionGuid = {7D67E3A3-1CEA-4B18-BAB2-87733BE76866}
	EndGlobalSection
EndGlobal
